
Microsoft Visual Studio Solution File, Format Version 12.00
# Visual Studio Version 17
VisualStudioVersion = 17.4.33205.214
MinimumVisualStudioVersion = 10.0.40219.1
Project("{FAE04EC0-301F-11D3-BF4B-00C04F79EFBC}") = "Bhaskara", "Bhaskara\Bhaskara.csproj", "{206138BA-2C30-446B-8FC7-2C5D64F181F9}"
EndProject
Global
	GlobalSection(SolutionConfigurationPlatforms) = preSolution
		Debug|Any CPU = Debug|Any CPU
		Release|Any CPU = Release|Any CPU
	EndGlobalSection
	GlobalSection(ProjectConfigurationPlatforms) = postSolution
		{206138BA-2C30-446B-8FC7-2C5D64F181F9}.Debug|Any CPU.ActiveCfg = Debug|Any CPU
		{206138BA-2C30-446B-8FC7-2C5D64F181F9}.Debug|Any CPU.Build.0 = Debug|Any CPU
		{206138BA-2C30-446B-8FC7-2C5D64F181F9}.Release|Any CPU.ActiveCfg = Release|Any CPU
		{206138BA-2C30-446B-8FC7-2C5D64F181F9}.Release|Any CPU.Build.0 = Release|Any CPU
	EndGlobalSection
	GlobalSection(SolutionProperties) = preSolution
		HideSolutionNode = FALSE
	EndGlobalSection
	GlobalSection(ExtensibilityGlobals) = postSolution
		SolutionGuid = {D1D0E049-664D-4CD5-9B0C-158CAB50D05D}
	EndGlobalSection
EndGlobal
